// !$*UTF8*$!
{
	archiveVersion = 1;
	classes = {
	};
	objectVersion = 55;
	objects = {

/* Begin PBXBuildFile section */
		0DB965E8D884EA2E6CAD3221 /* Pods_Meowclavas.framework in Frameworks */ = {isa = PBXBuildFile; fileRef = EAF5F450C573B65BEED915EC /* Pods_Meowclavas.framework */; };
		AD4818C55979975040E3EC12 /* Pods_MeowclavasTests.framework in Frameworks */ = {isa = PBXBuildFile; fileRef = 39649FAF898CD48C7A18DF3D /* Pods_MeowclavasTests.framework */; };
		AEB50F00AA91BBD8310D743C /* Pods_Meowclavas_MeowclavasUITests.framework in Frameworks */ = {isa = PBXBuildFile; fileRef = CC6FF92F8E48F2E9A149A262 /* Pods_Meowclavas_MeowclavasUITests.framework */; };
		CA1E49EB2766A76500DDC740 /* CategoryView.swift in Sources */ = {isa = PBXBuildFile; fileRef = CA1E49EA2766A76500DDC740 /* CategoryView.swift */; };
		CA1E49ED2766A97100DDC740 /* CategoryItemView.swift in Sources */ = {isa = PBXBuildFile; fileRef = CA1E49EC2766A97100DDC740 /* CategoryItemView.swift */; };
		CA1E49EF2766AF5B00DDC740 /* ProductDetailView.swift in Sources */ = {isa = PBXBuildFile; fileRef = CA1E49EE2766AF5B00DDC740 /* ProductDetailView.swift */; };
		CA1E49F12766B02900DDC740 /* TabEnum.swift in Sources */ = {isa = PBXBuildFile; fileRef = CA1E49F02766B02900DDC740 /* TabEnum.swift */; };
		CA1E49F32766B0F000DDC740 /* ExploreView.swift in Sources */ = {isa = PBXBuildFile; fileRef = CA1E49F22766B0F000DDC740 /* ExploreView.swift */; };
		CA1E49F52766B0FF00DDC740 /* ProfileView.swift in Sources */ = {isa = PBXBuildFile; fileRef = CA1E49F42766B0FF00DDC740 /* ProfileView.swift */; };
		CA1E49F72766B7A300DDC740 /* FavoritesView.swift in Sources */ = {isa = PBXBuildFile; fileRef = CA1E49F62766B7A300DDC740 /* FavoritesView.swift */; };
		CA1E49F92766B7B800DDC740 /* BasketView.swift in Sources */ = {isa = PBXBuildFile; fileRef = CA1E49F82766B7B800DDC740 /* BasketView.swift */; };
		CA1E49FE2766BA7700DDC740 /* PageViewController.swift in Sources */ = {isa = PBXBuildFile; fileRef = CA1E49FD2766BA7700DDC740 /* PageViewController.swift */; };
		CA1E4A002766BE5100DDC740 /* FeaturedCardView.swift in Sources */ = {isa = PBXBuildFile; fileRef = CA1E49FF2766BE5100DDC740 /* FeaturedCardView.swift */; };
		CA1E4A022766C0C500DDC740 /* PageView.swift in Sources */ = {isa = PBXBuildFile; fileRef = CA1E4A012766C0C500DDC740 /* PageView.swift */; };
		CA1E4A042767757B00DDC740 /* PageControlView.swift in Sources */ = {isa = PBXBuildFile; fileRef = CA1E4A032767757B00DDC740 /* PageControlView.swift */; };
		CA59937D279CA9E1002632A6 /* PromoCode.swift in Sources */ = {isa = PBXBuildFile; fileRef = CA59937C279CA9E1002632A6 /* PromoCode.swift */; };
		CA59937F279CBA19002632A6 /* success.json in Resources */ = {isa = PBXBuildFile; fileRef = CA59937E279CBA19002632A6 /* success.json */; };
		CA6EAFAD2778F85F00FF9CEB /* DotSpacerView.swift in Sources */ = {isa = PBXBuildFile; fileRef = CA6EAFAC2778F85F00FF9CEB /* DotSpacerView.swift */; };
		CA6EAFAF2778F8E700FF9CEB /* StepIndicatorView.swift in Sources */ = {isa = PBXBuildFile; fileRef = CA6EAFAE2778F8E700FF9CEB /* StepIndicatorView.swift */; };
		CA6EAFB12778FCB900FF9CEB /* Stepper.swift in Sources */ = {isa = PBXBuildFile; fileRef = CA6EAFB02778FCB900FF9CEB /* Stepper.swift */; };
		CA6EAFB5277900BC00FF9CEB /* ShippingView.swift in Sources */ = {isa = PBXBuildFile; fileRef = CA6EAFB4277900BC00FF9CEB /* ShippingView.swift */; };
		CA6EAFB72779016200FF9CEB /* PayView.swift in Sources */ = {isa = PBXBuildFile; fileRef = CA6EAFB62779016200FF9CEB /* PayView.swift */; };
		CA6EAFB92779093000FF9CEB /* SubwayStationsEnum.swift in Sources */ = {isa = PBXBuildFile; fileRef = CA6EAFB82779093000FF9CEB /* SubwayStationsEnum.swift */; };
		CA6EAFBB277913A200FF9CEB /* CityEnum.swift in Sources */ = {isa = PBXBuildFile; fileRef = CA6EAFBA277913A200FF9CEB /* CityEnum.swift */; };
		CA6FA649277F47B100C12DB9 /* DataController.swift in Sources */ = {isa = PBXBuildFile; fileRef = CA6FA648277F47B100C12DB9 /* DataController.swift */; };
		CA6FA64B277F6A4E00C12DB9 /* AccountView.swift in Sources */ = {isa = PBXBuildFile; fileRef = CA6FA64A277F6A4E00C12DB9 /* AccountView.swift */; };
		CA80C4F5279BF62100D9C904 /* shopping-bag-empty.json in Resources */ = {isa = PBXBuildFile; fileRef = CA80C4F4279BF62000D9C904 /* shopping-bag-empty.json */; };
		CA80C4F8279BF6A100D9C904 /* LottieView.swift in Sources */ = {isa = PBXBuildFile; fileRef = CA80C4F7279BF6A100D9C904 /* LottieView.swift */; };
		CA80C4FF279C7B8500D9C904 /* wishlist-empty.json in Resources */ = {isa = PBXBuildFile; fileRef = CA80C4FE279C7B8500D9C904 /* wishlist-empty.json */; };
		CA8424F92763E9A400A3546F /* FeaturedView.swift in Sources */ = {isa = PBXBuildFile; fileRef = CA8424F82763E9A400A3546F /* FeaturedView.swift */; };
		CA8424FB2763E9EF00A3546F /* LoginView.swift in Sources */ = {isa = PBXBuildFile; fileRef = CA8424FA2763E9EF00A3546F /* LoginView.swift */; };
		CA8424FD2763E9F700A3546F /* SignUpView.swift in Sources */ = {isa = PBXBuildFile; fileRef = CA8424FC2763E9F700A3546F /* SignUpView.swift */; };
		CA8424FF2763EA0D00A3546F /* AuthEnum.swift in Sources */ = {isa = PBXBuildFile; fileRef = CA8424FE2763EA0D00A3546F /* AuthEnum.swift */; };
		CA842503276669BA00A3546F /* Launch Screen.storyboard in Resources */ = {isa = PBXBuildFile; fileRef = CA842502276669BA00A3546F /* Launch Screen.storyboard */; };
		CA8ED7DC27962E2F00B984FF /* DataModel.xcdatamodeld in Sources */ = {isa = PBXBuildFile; fileRef = CA8ED7DA27962E2F00B984FF /* DataModel.xcdatamodeld */; };
		CA8ED7DE2796F68900B984FF /* SerializationError.swift in Sources */ = {isa = PBXBuildFile; fileRef = CA8ED7DD2796F68900B984FF /* SerializationError.swift */; };
		CAA096CA277DFF61003C471D /* CongratsView.swift in Sources */ = {isa = PBXBuildFile; fileRef = CAA096C9277DFF61003C471D /* CongratsView.swift */; };
		CAA096CC277E0F42003C471D /* CashOptionView.swift in Sources */ = {isa = PBXBuildFile; fileRef = CAA096CB277E0F42003C471D /* CashOptionView.swift */; };
		CAA096CF277E3EF5003C471D /* GoogleService-Info.plist in Resources */ = {isa = PBXBuildFile; fileRef = CAA096CE277E3EF5003C471D /* GoogleService-Info.plist */; };
		CAA096DA277E4B87003C471D /* UserManager.swift in Sources */ = {isa = PBXBuildFile; fileRef = CAA096D9277E4B87003C471D /* UserManager.swift */; };
		CAA29B95279B32C800338CE7 /* Favorites.swift in Sources */ = {isa = PBXBuildFile; fileRef = CAA29B94279B32C800338CE7 /* Favorites.swift */; };
		CAA29B97279BE8FA00338CE7 /* Baggies.swift in Sources */ = {isa = PBXBuildFile; fileRef = CAA29B96279BE8FA00338CE7 /* Baggies.swift */; };
		CAB0DB0F2763CC4D007F67FA /* MeowclavasApp.swift in Sources */ = {isa = PBXBuildFile; fileRef = CAB0DB0E2763CC4D007F67FA /* MeowclavasApp.swift */; };
		CAB0DB112763CC4D007F67FA /* ContentView.swift in Sources */ = {isa = PBXBuildFile; fileRef = CAB0DB102763CC4D007F67FA /* ContentView.swift */; };
		CAB0DB132763CC4E007F67FA /* Assets.xcassets in Resources */ = {isa = PBXBuildFile; fileRef = CAB0DB122763CC4E007F67FA /* Assets.xcassets */; };
		CAB0DB162763CC4E007F67FA /* Preview Assets.xcassets in Resources */ = {isa = PBXBuildFile; fileRef = CAB0DB152763CC4E007F67FA /* Preview Assets.xcassets */; };
		CAB0DB202763CC4F007F67FA /* MeowclavasTests.swift in Sources */ = {isa = PBXBuildFile; fileRef = CAB0DB1F2763CC4F007F67FA /* MeowclavasTests.swift */; };
		CAB0DB2A2763CC4F007F67FA /* MeowclavasUITests.swift in Sources */ = {isa = PBXBuildFile; fileRef = CAB0DB292763CC4F007F67FA /* MeowclavasUITests.swift */; };
		CAB0DB2C2763CC4F007F67FA /* MeowclavasUITestsLaunchTests.swift in Sources */ = {isa = PBXBuildFile; fileRef = CAB0DB2B2763CC4F007F67FA /* MeowclavasUITestsLaunchTests.swift */; };
		CAB12B9427667B73006AC793 /* Product.swift in Sources */ = {isa = PBXBuildFile; fileRef = CAB12B9327667B73006AC793 /* Product.swift */; };
		CAB12B9627667D8B006AC793 /* SizeEnum.swift in Sources */ = {isa = PBXBuildFile; fileRef = CAB12B9527667D8B006AC793 /* SizeEnum.swift */; };
		CAB12B9827668342006AC793 /* CategoryEnum.swift in Sources */ = {isa = PBXBuildFile; fileRef = CAB12B9727668342006AC793 /* CategoryEnum.swift */; };
		CAB12B9E276684A5006AC793 /* ModelData.swift in Sources */ = {isa = PBXBuildFile; fileRef = CAB12B9D276684A5006AC793 /* ModelData.swift */; };
		CABF025C276BE29B00F27D78 /* ColorPickerView.swift in Sources */ = {isa = PBXBuildFile; fileRef = CABF025B276BE29B00F27D78 /* ColorPickerView.swift */; };
		CABF025E276BE2A500F27D78 /* SizePickerView.swift in Sources */ = {isa = PBXBuildFile; fileRef = CABF025D276BE2A500F27D78 /* SizePickerView.swift */; };
		CABF0262276BF5EE00F27D78 /* ColorEnum.swift in Sources */ = {isa = PBXBuildFile; fileRef = CABF0261276BF5EE00F27D78 /* ColorEnum.swift */; };
		CAC82A8627733374003ED63C /* PaymentView.swift in Sources */ = {isa = PBXBuildFile; fileRef = CAC82A8527733374003ED63C /* PaymentView.swift */; };
		CAC9EC0F27690BB100747E8A /* ExploreItemView.swift in Sources */ = {isa = PBXBuildFile; fileRef = CAC9EC0E27690BB100747E8A /* ExploreItemView.swift */; };
		CAC9EC112769162F00747E8A /* ProductsView.swift in Sources */ = {isa = PBXBuildFile; fileRef = CAC9EC102769162F00747E8A /* ProductsView.swift */; };
		CAC9EC1527691FD400747E8A /* ProfileHatView.swift in Sources */ = {isa = PBXBuildFile; fileRef = CAC9EC1427691FD400747E8A /* ProfileHatView.swift */; };
		CAC9EC1727691FDF00747E8A /* ProfileOptionsView.swift in Sources */ = {isa = PBXBuildFile; fileRef = CAC9EC1627691FDF00747E8A /* ProfileOptionsView.swift */; };
		CAC9EC1A2769453100747E8A /* AddressView.swift in Sources */ = {isa = PBXBuildFile; fileRef = CAC9EC192769453100747E8A /* AddressView.swift */; };
		CAC9EC1C276945BD00747E8A /* OptionRowView.swift in Sources */ = {isa = PBXBuildFile; fileRef = CAC9EC1B276945BD00747E8A /* OptionRowView.swift */; };
		CACD7DBA27791A1C00E98AA5 /* ShippingMethodView.swift in Sources */ = {isa = PBXBuildFile; fileRef = CACD7DB927791A1C00E98AA5 /* ShippingMethodView.swift */; };
		CADF42B82766745D008B44F5 /* ForgotPasswordView.swift in Sources */ = {isa = PBXBuildFile; fileRef = CADF42B72766745D008B44F5 /* ForgotPasswordView.swift */; };
/* End PBXBuildFile section */

/* Begin PBXContainerItemProxy section */
		CAB0DB1C2763CC4F007F67FA /* PBXContainerItemProxy */ = {
			isa = PBXContainerItemProxy;
			containerPortal = CAB0DB032763CC4D007F67FA /* Project object */;
			proxyType = 1;
			remoteGlobalIDString = CAB0DB0A2763CC4D007F67FA;
			remoteInfo = Meowclavas;
		};
		CAB0DB262763CC4F007F67FA /* PBXContainerItemProxy */ = {
			isa = PBXContainerItemProxy;
			containerPortal = CAB0DB032763CC4D007F67FA /* Project object */;
			proxyType = 1;
			remoteGlobalIDString = CAB0DB0A2763CC4D007F67FA;
			remoteInfo = Meowclavas;
		};
/* End PBXContainerItemProxy section */

/* Begin PBXFileReference section */
		0B21C1DFBD120FD7036943A1 /* Pods-Meowclavas-MeowclavasUITests.debug.xcconfig */ = {isa = PBXFileReference; includeInIndex = 1; lastKnownFileType = text.xcconfig; name = "Pods-Meowclavas-MeowclavasUITests.debug.xcconfig"; path = "Target Support Files/Pods-Meowclavas-MeowclavasUITests/Pods-Meowclavas-MeowclavasUITests.debug.xcconfig"; sourceTree = "<group>"; };
		39649FAF898CD48C7A18DF3D /* Pods_MeowclavasTests.framework */ = {isa = PBXFileReference; explicitFileType = wrapper.framework; includeInIndex = 0; path = Pods_MeowclavasTests.framework; sourceTree = BUILT_PRODUCTS_DIR; };
		502A8F5B33BA8DCC8EF32E86 /* Pods-Meowclavas-MeowclavasUITests.release.xcconfig */ = {isa = PBXFileReference; includeInIndex = 1; lastKnownFileType = text.xcconfig; name = "Pods-Meowclavas-MeowclavasUITests.release.xcconfig"; path = "Target Support Files/Pods-Meowclavas-MeowclavasUITests/Pods-Meowclavas-MeowclavasUITests.release.xcconfig"; sourceTree = "<group>"; };
		59BD2DC83D76DB65C8242A92 /* Pods-Meowclavas.debug.xcconfig */ = {isa = PBXFileReference; includeInIndex = 1; lastKnownFileType = text.xcconfig; name = "Pods-Meowclavas.debug.xcconfig"; path = "Target Support Files/Pods-Meowclavas/Pods-Meowclavas.debug.xcconfig"; sourceTree = "<group>"; };
		718E4827EBA2824F7D9D2D1E /* Pods-Meowclavas.release.xcconfig */ = {isa = PBXFileReference; includeInIndex = 1; lastKnownFileType = text.xcconfig; name = "Pods-Meowclavas.release.xcconfig"; path = "Target Support Files/Pods-Meowclavas/Pods-Meowclavas.release.xcconfig"; sourceTree = "<group>"; };
		8B59FE9C31D6241BF7052BCB /* Pods-MeowclavasTests.release.xcconfig */ = {isa = PBXFileReference; includeInIndex = 1; lastKnownFileType = text.xcconfig; name = "Pods-MeowclavasTests.release.xcconfig"; path = "Target Support Files/Pods-MeowclavasTests/Pods-MeowclavasTests.release.xcconfig"; sourceTree = "<group>"; };
		B9D7797F322D03B6148717FD /* Pods-MeowclavasTests.debug.xcconfig */ = {isa = PBXFileReference; includeInIndex = 1; lastKnownFileType = text.xcconfig; name = "Pods-MeowclavasTests.debug.xcconfig"; path = "Target Support Files/Pods-MeowclavasTests/Pods-MeowclavasTests.debug.xcconfig"; sourceTree = "<group>"; };
		CA1E49EA2766A76500DDC740 /* CategoryView.swift */ = {isa = PBXFileReference; lastKnownFileType = sourcecode.swift; path = CategoryView.swift; sourceTree = "<group>"; };
		CA1E49EC2766A97100DDC740 /* CategoryItemView.swift */ = {isa = PBXFileReference; lastKnownFileType = sourcecode.swift; path = CategoryItemView.swift; sourceTree = "<group>"; };
		CA1E49EE2766AF5B00DDC740 /* ProductDetailView.swift */ = {isa = PBXFileReference; lastKnownFileType = sourcecode.swift; path = ProductDetailView.swift; sourceTree = "<group>"; };
		CA1E49F02766B02900DDC740 /* TabEnum.swift */ = {isa = PBXFileReference; lastKnownFileType = sourcecode.swift; path = TabEnum.swift; sourceTree = "<group>"; };
		CA1E49F22766B0F000DDC740 /* ExploreView.swift */ = {isa = PBXFileReference; lastKnownFileType = sourcecode.swift; path = ExploreView.swift; sourceTree = "<group>"; };
		CA1E49F42766B0FF00DDC740 /* ProfileView.swift */ = {isa = PBXFileReference; lastKnownFileType = sourcecode.swift; path = ProfileView.swift; sourceTree = "<group>"; };
		CA1E49F62766B7A300DDC740 /* FavoritesView.swift */ = {isa = PBXFileReference; lastKnownFileType = sourcecode.swift; path = FavoritesView.swift; sourceTree = "<group>"; };
		CA1E49F82766B7B800DDC740 /* BasketView.swift */ = {isa = PBXFileReference; lastKnownFileType = sourcecode.swift; path = BasketView.swift; sourceTree = "<group>"; };
		CA1E49FD2766BA7700DDC740 /* PageViewController.swift */ = {isa = PBXFileReference; lastKnownFileType = sourcecode.swift; path = PageViewController.swift; sourceTree = "<group>"; };
		CA1E49FF2766BE5100DDC740 /* FeaturedCardView.swift */ = {isa = PBXFileReference; lastKnownFileType = sourcecode.swift; path = FeaturedCardView.swift; sourceTree = "<group>"; };
		CA1E4A012766C0C500DDC740 /* PageView.swift */ = {isa = PBXFileReference; lastKnownFileType = sourcecode.swift; path = PageView.swift; sourceTree = "<group>"; };
		CA1E4A032767757B00DDC740 /* PageControlView.swift */ = {isa = PBXFileReference; lastKnownFileType = sourcecode.swift; path = PageControlView.swift; sourceTree = "<group>"; };
		CA59937C279CA9E1002632A6 /* PromoCode.swift */ = {isa = PBXFileReference; lastKnownFileType = sourcecode.swift; path = PromoCode.swift; sourceTree = "<group>"; };
		CA59937E279CBA19002632A6 /* success.json */ = {isa = PBXFileReference; fileEncoding = 4; lastKnownFileType = text.json; path = success.json; sourceTree = "<group>"; };
		CA6EAFAC2778F85F00FF9CEB /* DotSpacerView.swift */ = {isa = PBXFileReference; lastKnownFileType = sourcecode.swift; path = DotSpacerView.swift; sourceTree = "<group>"; };
		CA6EAFAE2778F8E700FF9CEB /* StepIndicatorView.swift */ = {isa = PBXFileReference; lastKnownFileType = sourcecode.swift; path = StepIndicatorView.swift; sourceTree = "<group>"; };
		CA6EAFB02778FCB900FF9CEB /* Stepper.swift */ = {isa = PBXFileReference; lastKnownFileType = sourcecode.swift; path = Stepper.swift; sourceTree = "<group>"; };
		CA6EAFB4277900BC00FF9CEB /* ShippingView.swift */ = {isa = PBXFileReference; lastKnownFileType = sourcecode.swift; path = ShippingView.swift; sourceTree = "<group>"; };
		CA6EAFB62779016200FF9CEB /* PayView.swift */ = {isa = PBXFileReference; lastKnownFileType = sourcecode.swift; path = PayView.swift; sourceTree = "<group>"; };
		CA6EAFB82779093000FF9CEB /* SubwayStationsEnum.swift */ = {isa = PBXFileReference; lastKnownFileType = sourcecode.swift; path = SubwayStationsEnum.swift; sourceTree = "<group>"; };
		CA6EAFBA277913A200FF9CEB /* CityEnum.swift */ = {isa = PBXFileReference; lastKnownFileType = sourcecode.swift; path = CityEnum.swift; sourceTree = "<group>"; };
		CA6FA648277F47B100C12DB9 /* DataController.swift */ = {isa = PBXFileReference; lastKnownFileType = sourcecode.swift; path = DataController.swift; sourceTree = "<group>"; };
		CA6FA64A277F6A4E00C12DB9 /* AccountView.swift */ = {isa = PBXFileReference; lastKnownFileType = sourcecode.swift; path = AccountView.swift; sourceTree = "<group>"; };
		CA80C4F4279BF62000D9C904 /* shopping-bag-empty.json */ = {isa = PBXFileReference; fileEncoding = 4; lastKnownFileType = text.json; path = "shopping-bag-empty.json"; sourceTree = "<group>"; };
		CA80C4F7279BF6A100D9C904 /* LottieView.swift */ = {isa = PBXFileReference; lastKnownFileType = sourcecode.swift; path = LottieView.swift; sourceTree = "<group>"; };
		CA80C4FE279C7B8500D9C904 /* wishlist-empty.json */ = {isa = PBXFileReference; fileEncoding = 4; lastKnownFileType = text.json; path = "wishlist-empty.json"; sourceTree = "<group>"; };
		CA8424F82763E9A400A3546F /* FeaturedView.swift */ = {isa = PBXFileReference; lastKnownFileType = sourcecode.swift; path = FeaturedView.swift; sourceTree = "<group>"; };
		CA8424FA2763E9EF00A3546F /* LoginView.swift */ = {isa = PBXFileReference; lastKnownFileType = sourcecode.swift; path = LoginView.swift; sourceTree = "<group>"; };
		CA8424FC2763E9F700A3546F /* SignUpView.swift */ = {isa = PBXFileReference; lastKnownFileType = sourcecode.swift; path = SignUpView.swift; sourceTree = "<group>"; };
		CA8424FE2763EA0D00A3546F /* AuthEnum.swift */ = {isa = PBXFileReference; lastKnownFileType = sourcecode.swift; path = AuthEnum.swift; sourceTree = "<group>"; };
		CA842502276669BA00A3546F /* Launch Screen.storyboard */ = {isa = PBXFileReference; lastKnownFileType = file.storyboard; path = "Launch Screen.storyboard"; sourceTree = "<group>"; };
		CA8ED7DB27962E2F00B984FF /* DataModel.xcdatamodel */ = {isa = PBXFileReference; lastKnownFileType = wrapper.xcdatamodel; path = DataModel.xcdatamodel; sourceTree = "<group>"; };
		CA8ED7DD2796F68900B984FF /* SerializationError.swift */ = {isa = PBXFileReference; lastKnownFileType = sourcecode.swift; path = SerializationError.swift; sourceTree = "<group>"; };
		CAA096C9277DFF61003C471D /* CongratsView.swift */ = {isa = PBXFileReference; lastKnownFileType = sourcecode.swift; path = CongratsView.swift; sourceTree = "<group>"; };
		CAA096CB277E0F42003C471D /* CashOptionView.swift */ = {isa = PBXFileReference; lastKnownFileType = sourcecode.swift; path = CashOptionView.swift; sourceTree = "<group>"; };
		CAA096CE277E3EF5003C471D /* GoogleService-Info.plist */ = {isa = PBXFileReference; fileEncoding = 4; lastKnownFileType = text.plist.xml; path = "GoogleService-Info.plist"; sourceTree = "<group>"; };
		CAA096D9277E4B87003C471D /* UserManager.swift */ = {isa = PBXFileReference; lastKnownFileType = sourcecode.swift; path = UserManager.swift; sourceTree = "<group>"; };
		CAA29B94279B32C800338CE7 /* Favorites.swift */ = {isa = PBXFileReference; lastKnownFileType = sourcecode.swift; path = Favorites.swift; sourceTree = "<group>"; };
		CAA29B96279BE8FA00338CE7 /* Baggies.swift */ = {isa = PBXFileReference; lastKnownFileType = sourcecode.swift; path = Baggies.swift; sourceTree = "<group>"; };
		CAB0DB0B2763CC4D007F67FA /* Meowclavas.app */ = {isa = PBXFileReference; explicitFileType = wrapper.application; includeInIndex = 0; path = Meowclavas.app; sourceTree = BUILT_PRODUCTS_DIR; };
		CAB0DB0E2763CC4D007F67FA /* MeowclavasApp.swift */ = {isa = PBXFileReference; lastKnownFileType = sourcecode.swift; path = MeowclavasApp.swift; sourceTree = "<group>"; };
		CAB0DB102763CC4D007F67FA /* ContentView.swift */ = {isa = PBXFileReference; lastKnownFileType = sourcecode.swift; path = ContentView.swift; sourceTree = "<group>"; };
		CAB0DB122763CC4E007F67FA /* Assets.xcassets */ = {isa = PBXFileReference; lastKnownFileType = folder.assetcatalog; path = Assets.xcassets; sourceTree = "<group>"; };
		CAB0DB152763CC4E007F67FA /* Preview Assets.xcassets */ = {isa = PBXFileReference; lastKnownFileType = folder.assetcatalog; path = "Preview Assets.xcassets"; sourceTree = "<group>"; };
		CAB0DB1B2763CC4F007F67FA /* MeowclavasTests.xctest */ = {isa = PBXFileReference; explicitFileType = wrapper.cfbundle; includeInIndex = 0; path = MeowclavasTests.xctest; sourceTree = BUILT_PRODUCTS_DIR; };
		CAB0DB1F2763CC4F007F67FA /* MeowclavasTests.swift */ = {isa = PBXFileReference; lastKnownFileType = sourcecode.swift; path = MeowclavasTests.swift; sourceTree = "<group>"; };
		CAB0DB252763CC4F007F67FA /* MeowclavasUITests.xctest */ = {isa = PBXFileReference; explicitFileType = wrapper.cfbundle; includeInIndex = 0; path = MeowclavasUITests.xctest; sourceTree = BUILT_PRODUCTS_DIR; };
		CAB0DB292763CC4F007F67FA /* MeowclavasUITests.swift */ = {isa = PBXFileReference; lastKnownFileType = sourcecode.swift; path = MeowclavasUITests.swift; sourceTree = "<group>"; };
		CAB0DB2B2763CC4F007F67FA /* MeowclavasUITestsLaunchTests.swift */ = {isa = PBXFileReference; lastKnownFileType = sourcecode.swift; path = MeowclavasUITestsLaunchTests.swift; sourceTree = "<group>"; };
		CAB12B9327667B73006AC793 /* Product.swift */ = {isa = PBXFileReference; lastKnownFileType = sourcecode.swift; path = Product.swift; sourceTree = "<group>"; };
		CAB12B9527667D8B006AC793 /* SizeEnum.swift */ = {isa = PBXFileReference; lastKnownFileType = sourcecode.swift; path = SizeEnum.swift; sourceTree = "<group>"; };
		CAB12B9727668342006AC793 /* CategoryEnum.swift */ = {isa = PBXFileReference; lastKnownFileType = sourcecode.swift; path = CategoryEnum.swift; sourceTree = "<group>"; };
		CAB12B9D276684A5006AC793 /* ModelData.swift */ = {isa = PBXFileReference; lastKnownFileType = sourcecode.swift; path = ModelData.swift; sourceTree = "<group>"; };
		CABF025B276BE29B00F27D78 /* ColorPickerView.swift */ = {isa = PBXFileReference; lastKnownFileType = sourcecode.swift; path = ColorPickerView.swift; sourceTree = "<group>"; };
		CABF025D276BE2A500F27D78 /* SizePickerView.swift */ = {isa = PBXFileReference; lastKnownFileType = sourcecode.swift; path = SizePickerView.swift; sourceTree = "<group>"; };
		CABF0261276BF5EE00F27D78 /* ColorEnum.swift */ = {isa = PBXFileReference; lastKnownFileType = sourcecode.swift; path = ColorEnum.swift; sourceTree = "<group>"; };
		CAC82A8527733374003ED63C /* PaymentView.swift */ = {isa = PBXFileReference; lastKnownFileType = sourcecode.swift; path = PaymentView.swift; sourceTree = "<group>"; };
		CAC9EC0E27690BB100747E8A /* ExploreItemView.swift */ = {isa = PBXFileReference; lastKnownFileType = sourcecode.swift; path = ExploreItemView.swift; sourceTree = "<group>"; };
		CAC9EC102769162F00747E8A /* ProductsView.swift */ = {isa = PBXFileReference; lastKnownFileType = sourcecode.swift; path = ProductsView.swift; sourceTree = "<group>"; };
		CAC9EC1427691FD400747E8A /* ProfileHatView.swift */ = {isa = PBXFileReference; lastKnownFileType = sourcecode.swift; path = ProfileHatView.swift; sourceTree = "<group>"; };
		CAC9EC1627691FDF00747E8A /* ProfileOptionsView.swift */ = {isa = PBXFileReference; lastKnownFileType = sourcecode.swift; path = ProfileOptionsView.swift; sourceTree = "<group>"; };
		CAC9EC192769453100747E8A /* AddressView.swift */ = {isa = PBXFileReference; lastKnownFileType = sourcecode.swift; path = AddressView.swift; sourceTree = "<group>"; };
		CAC9EC1B276945BD00747E8A /* OptionRowView.swift */ = {isa = PBXFileReference; lastKnownFileType = sourcecode.swift; path = OptionRowView.swift; sourceTree = "<group>"; };
		CACD7DB927791A1C00E98AA5 /* ShippingMethodView.swift */ = {isa = PBXFileReference; lastKnownFileType = sourcecode.swift; path = ShippingMethodView.swift; sourceTree = "<group>"; };
		CADF42B72766745D008B44F5 /* ForgotPasswordView.swift */ = {isa = PBXFileReference; lastKnownFileType = sourcecode.swift; path = ForgotPasswordView.swift; sourceTree = "<group>"; };
		CC6FF92F8E48F2E9A149A262 /* Pods_Meowclavas_MeowclavasUITests.framework */ = {isa = PBXFileReference; explicitFileType = wrapper.framework; includeInIndex = 0; path = Pods_Meowclavas_MeowclavasUITests.framework; sourceTree = BUILT_PRODUCTS_DIR; };
		EAF5F450C573B65BEED915EC /* Pods_Meowclavas.framework */ = {isa = PBXFileReference; explicitFileType = wrapper.framework; includeInIndex = 0; path = Pods_Meowclavas.framework; sourceTree = BUILT_PRODUCTS_DIR; };
/* End PBXFileReference section */

/* Begin PBXFrameworksBuildPhase section */
		CAB0DB082763CC4D007F67FA /* Frameworks */ = {
			isa = PBXFrameworksBuildPhase;
			buildActionMask = 2147483647;
			files = (
				0DB965E8D884EA2E6CAD3221 /* Pods_Meowclavas.framework in Frameworks */,
			);
			runOnlyForDeploymentPostprocessing = 0;
		};
		CAB0DB182763CC4F007F67FA /* Frameworks */ = {
			isa = PBXFrameworksBuildPhase;
			buildActionMask = 2147483647;
			files = (
				AD4818C55979975040E3EC12 /* Pods_MeowclavasTests.framework in Frameworks */,
			);
			runOnlyForDeploymentPostprocessing = 0;
		};
		CAB0DB222763CC4F007F67FA /* Frameworks */ = {
			isa = PBXFrameworksBuildPhase;
			buildActionMask = 2147483647;
			files = (
				AEB50F00AA91BBD8310D743C /* Pods_Meowclavas_MeowclavasUITests.framework in Frameworks */,
			);
			runOnlyForDeploymentPostprocessing = 0;
		};
/* End PBXFrameworksBuildPhase section */

/* Begin PBXGroup section */
		148A903F339933C727CB501F /* Pods */ = {
			isa = PBXGroup;
			children = (
				59BD2DC83D76DB65C8242A92 /* Pods-Meowclavas.debug.xcconfig */,
				718E4827EBA2824F7D9D2D1E /* Pods-Meowclavas.release.xcconfig */,
				0B21C1DFBD120FD7036943A1 /* Pods-Meowclavas-MeowclavasUITests.debug.xcconfig */,
				502A8F5B33BA8DCC8EF32E86 /* Pods-Meowclavas-MeowclavasUITests.release.xcconfig */,
				B9D7797F322D03B6148717FD /* Pods-MeowclavasTests.debug.xcconfig */,
				8B59FE9C31D6241BF7052BCB /* Pods-MeowclavasTests.release.xcconfig */,
			);
			path = Pods;
			sourceTree = "<group>";
		};
		7BBE0ADD7C50C2B2D3B7BA5F /* Frameworks */ = {
			isa = PBXGroup;
			children = (
				EAF5F450C573B65BEED915EC /* Pods_Meowclavas.framework */,
				CC6FF92F8E48F2E9A149A262 /* Pods_Meowclavas_MeowclavasUITests.framework */,
				39649FAF898CD48C7A18DF3D /* Pods_MeowclavasTests.framework */,
			);
			name = Frameworks;
			sourceTree = "<group>";
		};
		CA1E49FA2766B9B900DDC740 /* Featured Views */ = {
			isa = PBXGroup;
			children = (
				CA8424F82763E9A400A3546F /* FeaturedView.swift */,
				CA1E49FC2766BA2F00DDC740 /* PageView */,
				CA1E49FB2766B9DA00DDC740 /* SubViews */,
			);
			path = "Featured Views";
			sourceTree = "<group>";
		};
		CA1E49FB2766B9DA00DDC740 /* SubViews */ = {
			isa = PBXGroup;
			children = (
				CA1E49EA2766A76500DDC740 /* CategoryView.swift */,
				CA1E49EC2766A97100DDC740 /* CategoryItemView.swift */,
				CA1E49EE2766AF5B00DDC740 /* ProductDetailView.swift */,
				CA1E49FF2766BE5100DDC740 /* FeaturedCardView.swift */,
			);
			path = SubViews;
			sourceTree = "<group>";
		};
		CA1E49FC2766BA2F00DDC740 /* PageView */ = {
			isa = PBXGroup;
			children = (
				CA1E49FD2766BA7700DDC740 /* PageViewController.swift */,
				CA1E4A012766C0C500DDC740 /* PageView.swift */,
				CA1E4A032767757B00DDC740 /* PageControlView.swift */,
			);
			path = PageView;
			sourceTree = "<group>";
		};
		CA51A07027696563009A7585 /* OptionViews */ = {
			isa = PBXGroup;
			children = (
				CAC9EC192769453100747E8A /* AddressView.swift */,
				CA6FA64A277F6A4E00C12DB9 /* AccountView.swift */,
			);
			path = OptionViews;
			sourceTree = "<group>";
		};
		CA6FA64C277F76FE00C12DB9 /* Navigation Views */ = {
			isa = PBXGroup;
			children = (
				CA1E49F62766B7A300DDC740 /* FavoritesView.swift */,
				CA1E49F82766B7B800DDC740 /* BasketView.swift */,
			);
			path = "Navigation Views";
			sourceTree = "<group>";
		};
		CA6FA64D277F772000C12DB9 /* Picker Views */ = {
			isa = PBXGroup;
			children = (
				CABF025B276BE29B00F27D78 /* ColorPickerView.swift */,
				CABF025D276BE2A500F27D78 /* SizePickerView.swift */,
			);
			path = "Picker Views";
			sourceTree = "<group>";
		};
		CA80C4F6279BF62D00D9C904 /* Lottie */ = {
			isa = PBXGroup;
			children = (
				CA59937E279CBA19002632A6 /* success.json */,
				CA80C4FE279C7B8500D9C904 /* wishlist-empty.json */,
				CA80C4F4279BF62000D9C904 /* shopping-bag-empty.json */,
			);
			path = Lottie;
			sourceTree = "<group>";
		};
		CA80C4F9279BF6A700D9C904 /* Lottie Views */ = {
			isa = PBXGroup;
			children = (
				CA80C4F7279BF6A100D9C904 /* LottieView.swift */,
			);
			path = "Lottie Views";
			sourceTree = "<group>";
		};
		CA8425042766725E00A3546F /* Views */ = {
			isa = PBXGroup;
			children = (
				CA8425052766727000A3546F /* Auth Views */,
				CA1E49FA2766B9B900DDC740 /* Featured Views */,
				CAC9EC0D27690B8900747E8A /* Explore Views */,
				CAC9EC132769166F00747E8A /* Profile Views */,
				CA6FA64C277F76FE00C12DB9 /* Navigation Views */,
				CA6FA64D277F772000C12DB9 /* Picker Views */,
				CAC82A872773337C003ED63C /* Payment Views */,
				CA80C4F9279BF6A700D9C904 /* Lottie Views */,
			);
			path = Views;
			sourceTree = "<group>";
		};
		CA8425052766727000A3546F /* Auth Views */ = {
			isa = PBXGroup;
			children = (
				CA8424FA2763E9EF00A3546F /* LoginView.swift */,
				CA8424FC2763E9F700A3546F /* SignUpView.swift */,
				CADF42B72766745D008B44F5 /* ForgotPasswordView.swift */,
			);
			path = "Auth Views";
			sourceTree = "<group>";
		};
		CAA096CD277E0F49003C471D /* Pay SubViews */ = {
			isa = PBXGroup;
			children = (
				CAA096CB277E0F42003C471D /* CashOptionView.swift */,
			);
			path = "Pay SubViews";
			sourceTree = "<group>";
		};
		CAB0DB022763CC4D007F67FA = {
			isa = PBXGroup;
			children = (
				CAB0DB0D2763CC4D007F67FA /* Meowclavas */,
				CAB0DB1E2763CC4F007F67FA /* MeowclavasTests */,
				CAB0DB282763CC4F007F67FA /* MeowclavasUITests */,
				CAB0DB0C2763CC4D007F67FA /* Products */,
				148A903F339933C727CB501F /* Pods */,
				7BBE0ADD7C50C2B2D3B7BA5F /* Frameworks */,
			);
			sourceTree = "<group>";
		};
		CAB0DB0C2763CC4D007F67FA /* Products */ = {
			isa = PBXGroup;
			children = (
				CAB0DB0B2763CC4D007F67FA /* Meowclavas.app */,
				CAB0DB1B2763CC4F007F67FA /* MeowclavasTests.xctest */,
				CAB0DB252763CC4F007F67FA /* MeowclavasUITests.xctest */,
			);
			name = Products;
			sourceTree = "<group>";
		};
		CAB0DB0D2763CC4D007F67FA /* Meowclavas */ = {
			isa = PBXGroup;
			children = (
				CAB0DB0E2763CC4D007F67FA /* MeowclavasApp.swift */,
				CAB0DB102763CC4D007F67FA /* ContentView.swift */,
				CA8425042766725E00A3546F /* Views */,
				CAB12B9F276684F4006AC793 /* Model */,
				CAB12BA027668503006AC793 /* Enums */,
				CA80C4F6279BF62D00D9C904 /* Lottie */,
				CA842502276669BA00A3546F /* Launch Screen.storyboard */,
				CAB0DB122763CC4E007F67FA /* Assets.xcassets */,
				CAA096CE277E3EF5003C471D /* GoogleService-Info.plist */,
				CAB0DB142763CC4E007F67FA /* Preview Content */,
				CA6FA648277F47B100C12DB9 /* DataController.swift */,
				CA8ED7DA27962E2F00B984FF /* DataModel.xcdatamodeld */,
			);
			path = Meowclavas;
			sourceTree = "<group>";
		};
		CAB0DB142763CC4E007F67FA /* Preview Content */ = {
			isa = PBXGroup;
			children = (
				CAB0DB152763CC4E007F67FA /* Preview Assets.xcassets */,
			);
			path = "Preview Content";
			sourceTree = "<group>";
		};
		CAB0DB1E2763CC4F007F67FA /* MeowclavasTests */ = {
			isa = PBXGroup;
			children = (
				CAB0DB1F2763CC4F007F67FA /* MeowclavasTests.swift */,
			);
			path = MeowclavasTests;
			sourceTree = "<group>";
		};
		CAB0DB282763CC4F007F67FA /* MeowclavasUITests */ = {
			isa = PBXGroup;
			children = (
				CAB0DB292763CC4F007F67FA /* MeowclavasUITests.swift */,
				CAB0DB2B2763CC4F007F67FA /* MeowclavasUITestsLaunchTests.swift */,
			);
			path = MeowclavasUITests;
			sourceTree = "<group>";
		};
		CAB12B9F276684F4006AC793 /* Model */ = {
			isa = PBXGroup;
			children = (
				CAB12B9327667B73006AC793 /* Product.swift */,
				CAB12B9D276684A5006AC793 /* ModelData.swift */,
				CA6EAFB02778FCB900FF9CEB /* Stepper.swift */,
				CAA096D9277E4B87003C471D /* UserManager.swift */,
				CAA29B94279B32C800338CE7 /* Favorites.swift */,
				CAA29B96279BE8FA00338CE7 /* Baggies.swift */,
				CA59937C279CA9E1002632A6 /* PromoCode.swift */,
			);
			path = Model;
			sourceTree = "<group>";
		};
		CAB12BA027668503006AC793 /* Enums */ = {
			isa = PBXGroup;
			children = (
				CAB12B9727668342006AC793 /* CategoryEnum.swift */,
				CA8424FE2763EA0D00A3546F /* AuthEnum.swift */,
				CAB12B9527667D8B006AC793 /* SizeEnum.swift */,
				CA1E49F02766B02900DDC740 /* TabEnum.swift */,
				CABF0261276BF5EE00F27D78 /* ColorEnum.swift */,
				CA6EAFB82779093000FF9CEB /* SubwayStationsEnum.swift */,
				CA6EAFBA277913A200FF9CEB /* CityEnum.swift */,
				CA8ED7DD2796F68900B984FF /* SerializationError.swift */,
			);
			path = Enums;
			sourceTree = "<group>";
		};
		CAC82A872773337C003ED63C /* Payment Views */ = {
			isa = PBXGroup;
			children = (
				CAC82A8527733374003ED63C /* PaymentView.swift */,
				CA6EAFB4277900BC00FF9CEB /* ShippingView.swift */,
				CACD7DBB27791A2E00E98AA5 /* Shipping SubViews */,
				CA6EAFB62779016200FF9CEB /* PayView.swift */,
				CAA096CD277E0F49003C471D /* Pay SubViews */,
				CAA096C9277DFF61003C471D /* CongratsView.swift */,
			);
			path = "Payment Views";
			sourceTree = "<group>";
		};
		CAC9EC0D27690B8900747E8A /* Explore Views */ = {
			isa = PBXGroup;
			children = (
				CA1E49F22766B0F000DDC740 /* ExploreView.swift */,
				CAC9EC122769166400747E8A /* SubViews */,
			);
			path = "Explore Views";
			sourceTree = "<group>";
		};
		CAC9EC122769166400747E8A /* SubViews */ = {
			isa = PBXGroup;
			children = (
				CAC9EC0E27690BB100747E8A /* ExploreItemView.swift */,
				CAC9EC102769162F00747E8A /* ProductsView.swift */,
			);
			path = SubViews;
			sourceTree = "<group>";
		};
		CAC9EC132769166F00747E8A /* Profile Views */ = {
			isa = PBXGroup;
			children = (
				CA1E49F42766B0FF00DDC740 /* ProfileView.swift */,
				CAC9EC1827691FE600747E8A /* SubViews */,
				CA51A07027696563009A7585 /* OptionViews */,
			);
			path = "Profile Views";
			sourceTree = "<group>";
		};
		CAC9EC1827691FE600747E8A /* SubViews */ = {
			isa = PBXGroup;
			children = (
				CAC9EC1427691FD400747E8A /* ProfileHatView.swift */,
				CAC9EC1627691FDF00747E8A /* ProfileOptionsView.swift */,
				CAC9EC1B276945BD00747E8A /* OptionRowView.swift */,
			);
			path = SubViews;
			sourceTree = "<group>";
		};
		CACD7DBB27791A2E00E98AA5 /* Shipping SubViews */ = {
			isa = PBXGroup;
			children = (
				CA6EAFAC2778F85F00FF9CEB /* DotSpacerView.swift */,
				CA6EAFAE2778F8E700FF9CEB /* StepIndicatorView.swift */,
				CACD7DB927791A1C00E98AA5 /* ShippingMethodView.swift */,
			);
			path = "Shipping SubViews";
			sourceTree = "<group>";
		};
/* End PBXGroup section */

/* Begin PBXNativeTarget section */
		CAB0DB0A2763CC4D007F67FA /* Meowclavas */ = {
			isa = PBXNativeTarget;
			buildConfigurationList = CAB0DB2F2763CC4F007F67FA /* Build configuration list for PBXNativeTarget "Meowclavas" */;
			buildPhases = (
				08CD37C4C74C37BB97EF520E /* [CP] Check Pods Manifest.lock */,
				CAB0DB072763CC4D007F67FA /* Sources */,
				CAB0DB082763CC4D007F67FA /* Frameworks */,
				CAB0DB092763CC4D007F67FA /* Resources */,
				1CA9149A989D9FEE453E1307 /* [CP] Embed Pods Frameworks */,
			);
			buildRules = (
			);
			dependencies = (
			);
			name = Meowclavas;
			productName = Meowclavas;
			productReference = CAB0DB0B2763CC4D007F67FA /* Meowclavas.app */;
			productType = "com.apple.product-type.application";
		};
		CAB0DB1A2763CC4F007F67FA /* MeowclavasTests */ = {
			isa = PBXNativeTarget;
			buildConfigurationList = CAB0DB322763CC4F007F67FA /* Build configuration list for PBXNativeTarget "MeowclavasTests" */;
			buildPhases = (
				E04F502DB63685C7D5F6297A /* [CP] Check Pods Manifest.lock */,
				CAB0DB172763CC4F007F67FA /* Sources */,
				CAB0DB182763CC4F007F67FA /* Frameworks */,
				CAB0DB192763CC4F007F67FA /* Resources */,
			);
			buildRules = (
			);
			dependencies = (
				CAB0DB1D2763CC4F007F67FA /* PBXTargetDependency */,
			);
			name = MeowclavasTests;
			productName = MeowclavasTests;
			productReference = CAB0DB1B2763CC4F007F67FA /* MeowclavasTests.xctest */;
			productType = "com.apple.product-type.bundle.unit-test";
		};
		CAB0DB242763CC4F007F67FA /* MeowclavasUITests */ = {
			isa = PBXNativeTarget;
			buildConfigurationList = CAB0DB352763CC4F007F67FA /* Build configuration list for PBXNativeTarget "MeowclavasUITests" */;
			buildPhases = (
				B02092F888FE7E3A5BA6FC1B /* [CP] Check Pods Manifest.lock */,
				CAB0DB212763CC4F007F67FA /* Sources */,
				CAB0DB222763CC4F007F67FA /* Frameworks */,
				CAB0DB232763CC4F007F67FA /* Resources */,
				B7B2E42D100C160137D46154 /* [CP] Embed Pods Frameworks */,
			);
			buildRules = (
			);
			dependencies = (
				CAB0DB272763CC4F007F67FA /* PBXTargetDependency */,
			);
			name = MeowclavasUITests;
			productName = MeowclavasUITests;
			productReference = CAB0DB252763CC4F007F67FA /* MeowclavasUITests.xctest */;
			productType = "com.apple.product-type.bundle.ui-testing";
		};
/* End PBXNativeTarget section */

/* Begin PBXProject section */
		CAB0DB032763CC4D007F67FA /* Project object */ = {
			isa = PBXProject;
			attributes = {
				BuildIndependentTargetsInParallel = 1;
				LastSwiftUpdateCheck = 1310;
				LastUpgradeCheck = 1310;
				TargetAttributes = {
					CAB0DB0A2763CC4D007F67FA = {
						CreatedOnToolsVersion = 13.1;
					};
					CAB0DB1A2763CC4F007F67FA = {
						CreatedOnToolsVersion = 13.1;
						TestTargetID = CAB0DB0A2763CC4D007F67FA;
					};
					CAB0DB242763CC4F007F67FA = {
						CreatedOnToolsVersion = 13.1;
						TestTargetID = CAB0DB0A2763CC4D007F67FA;
					};
				};
			};
			buildConfigurationList = CAB0DB062763CC4D007F67FA /* Build configuration list for PBXProject "Meowclavas" */;
			compatibilityVersion = "Xcode 13.0";
			developmentRegion = en;
			hasScannedForEncodings = 0;
			knownRegions = (
				en,
				Base,
			);
			mainGroup = CAB0DB022763CC4D007F67FA;
			productRefGroup = CAB0DB0C2763CC4D007F67FA /* Products */;
			projectDirPath = "";
			projectRoot = "";
			targets = (
				CAB0DB0A2763CC4D007F67FA /* Meowclavas */,
				CAB0DB1A2763CC4F007F67FA /* MeowclavasTests */,
				CAB0DB242763CC4F007F67FA /* MeowclavasUITests */,
			);
		};
/* End PBXProject section */

/* Begin PBXResourcesBuildPhase section */
		CAB0DB092763CC4D007F67FA /* Resources */ = {
			isa = PBXResourcesBuildPhase;
			buildActionMask = 2147483647;
			files = (
				CA80C4F5279BF62100D9C904 /* shopping-bag-empty.json in Resources */,
				CA842503276669BA00A3546F /* Launch Screen.storyboard in Resources */,
				CAB0DB162763CC4E007F67FA /* Preview Assets.xcassets in Resources */,
				CAA096CF277E3EF5003C471D /* GoogleService-Info.plist in Resources */,
				CA59937F279CBA19002632A6 /* success.json in Resources */,
				CA80C4FF279C7B8500D9C904 /* wishlist-empty.json in Resources */,
				CAB0DB132763CC4E007F67FA /* Assets.xcassets in Resources */,
			);
			runOnlyForDeploymentPostprocessing = 0;
		};
		CAB0DB192763CC4F007F67FA /* Resources */ = {
			isa = PBXResourcesBuildPhase;
			buildActionMask = 2147483647;
			files = (
			);
			runOnlyForDeploymentPostprocessing = 0;
		};
		CAB0DB232763CC4F007F67FA /* Resources */ = {
			isa = PBXResourcesBuildPhase;
			buildActionMask = 2147483647;
			files = (
			);
			runOnlyForDeploymentPostprocessing = 0;
		};
/* End PBXResourcesBuildPhase section */

/* Begin PBXShellScriptBuildPhase section */
		08CD37C4C74C37BB97EF520E /* [CP] Check Pods Manifest.lock */ = {
			isa = PBXShellScriptBuildPhase;
			buildActionMask = 2147483647;
			files = (
			);
			inputFileListPaths = (
			);
			inputPaths = (
				"${PODS_PODFILE_DIR_PATH}/Podfile.lock",
				"${PODS_ROOT}/Manifest.lock",
			);
			name = "[CP] Check Pods Manifest.lock";
			outputFileListPaths = (
			);
			outputPaths = (
				"$(DERIVED_FILE_DIR)/Pods-Meowclavas-checkManifestLockResult.txt",
			);
			runOnlyForDeploymentPostprocessing = 0;
			shellPath = /bin/sh;
			shellScript = "diff \"${PODS_PODFILE_DIR_PATH}/Podfile.lock\" \"${PODS_ROOT}/Manifest.lock\" > /dev/null\nif [ $? != 0 ] ; then\n    # print error to STDERR\n    echo \"error: The sandbox is not in sync with the Podfile.lock. Run 'pod install' or update your CocoaPods installation.\" >&2\n    exit 1\nfi\n# This output is used by Xcode 'outputs' to avoid re-running this script phase.\necho \"SUCCESS\" > \"${SCRIPT_OUTPUT_FILE_0}\"\n";
			showEnvVarsInLog = 0;
		};
		1CA9149A989D9FEE453E1307 /* [CP] Embed Pods Frameworks */ = {
			isa = PBXShellScriptBuildPhase;
			buildActionMask = 2147483647;
			files = (
			);
			inputFileListPaths = (
				"${PODS_ROOT}/Target Support Files/Pods-Meowclavas/Pods-Meowclavas-frameworks-${CONFIGURATION}-input-files.xcfilelist",
			);
			name = "[CP] Embed Pods Frameworks";
			outputFileListPaths = (
				"${PODS_ROOT}/Target Support Files/Pods-Meowclavas/Pods-Meowclavas-frameworks-${CONFIGURATION}-output-files.xcfilelist",
			);
			runOnlyForDeploymentPostprocessing = 0;
			shellPath = /bin/sh;
			shellScript = "\"${PODS_ROOT}/Target Support Files/Pods-Meowclavas/Pods-Meowclavas-frameworks.sh\"\n";
			showEnvVarsInLog = 0;
		};
		B02092F888FE7E3A5BA6FC1B /* [CP] Check Pods Manifest.lock */ = {
			isa = PBXShellScriptBuildPhase;
			buildActionMask = 2147483647;
			files = (
			);
			inputFileListPaths = (
			);
			inputPaths = (
				"${PODS_PODFILE_DIR_PATH}/Podfile.lock",
				"${PODS_ROOT}/Manifest.lock",
			);
			name = "[CP] Check Pods Manifest.lock";
			outputFileListPaths = (
			);
			outputPaths = (
				"$(DERIVED_FILE_DIR)/Pods-Meowclavas-MeowclavasUITests-checkManifestLockResult.txt",
			);
			runOnlyForDeploymentPostprocessing = 0;
			shellPath = /bin/sh;
			shellScript = "diff \"${PODS_PODFILE_DIR_PATH}/Podfile.lock\" \"${PODS_ROOT}/Manifest.lock\" > /dev/null\nif [ $? != 0 ] ; then\n    # print error to STDERR\n    echo \"error: The sandbox is not in sync with the Podfile.lock. Run 'pod install' or update your CocoaPods installation.\" >&2\n    exit 1\nfi\n# This output is used by Xcode 'outputs' to avoid re-running this script phase.\necho \"SUCCESS\" > \"${SCRIPT_OUTPUT_FILE_0}\"\n";
			showEnvVarsInLog = 0;
		};
		B7B2E42D100C160137D46154 /* [CP] Embed Pods Frameworks */ = {
			isa = PBXShellScriptBuildPhase;
			buildActionMask = 2147483647;
			files = (
			);
			inputFileListPaths = (
				"${PODS_ROOT}/Target Support Files/Pods-Meowclavas-MeowclavasUITests/Pods-Meowclavas-MeowclavasUITests-frameworks-${CONFIGURATION}-input-files.xcfilelist",
			);
			name = "[CP] Embed Pods Frameworks";
			outputFileListPaths = (
				"${PODS_ROOT}/Target Support Files/Pods-Meowclavas-MeowclavasUITests/Pods-Meowclavas-MeowclavasUITests-frameworks-${CONFIGURATION}-output-files.xcfilelist",
			);
			runOnlyForDeploymentPostprocessing = 0;
			shellPath = /bin/sh;
			shellScript = "\"${PODS_ROOT}/Target Support Files/Pods-Meowclavas-MeowclavasUITests/Pods-Meowclavas-MeowclavasUITests-frameworks.sh\"\n";
			showEnvVarsInLog = 0;
		};
		E04F502DB63685C7D5F6297A /* [CP] Check Pods Manifest.lock */ = {
			isa = PBXShellScriptBuildPhase;
			buildActionMask = 2147483647;
			files = (
			);
			inputFileListPaths = (
			);
			inputPaths = (
				"${PODS_PODFILE_DIR_PATH}/Podfile.lock",
				"${PODS_ROOT}/Manifest.lock",
			);
			name = "[CP] Check Pods Manifest.lock";
			outputFileListPaths = (
			);
			outputPaths = (
				"$(DERIVED_FILE_DIR)/Pods-MeowclavasTests-checkManifestLockResult.txt",
			);
			runOnlyForDeploymentPostprocessing = 0;
			shellPath = /bin/sh;
			shellScript = "diff \"${PODS_PODFILE_DIR_PATH}/Podfile.lock\" \"${PODS_ROOT}/Manifest.lock\" > /dev/null\nif [ $? != 0 ] ; then\n    # print error to STDERR\n    echo \"error: The sandbox is not in sync with the Podfile.lock. Run 'pod install' or update your CocoaPods installation.\" >&2\n    exit 1\nfi\n# This output is used by Xcode 'outputs' to avoid re-running this script phase.\necho \"SUCCESS\" > \"${SCRIPT_OUTPUT_FILE_0}\"\n";
			showEnvVarsInLog = 0;
		};
/* End PBXShellScriptBuildPhase section */

/* Begin PBXSourcesBuildPhase section */
		CAB0DB072763CC4D007F67FA /* Sources */ = {
			isa = PBXSourcesBuildPhase;
			buildActionMask = 2147483647;
			files = (
				CAA096CC277E0F42003C471D /* CashOptionView.swift in Sources */,
				CA6EAFAD2778F85F00FF9CEB /* DotSpacerView.swift in Sources */,
				CA1E49F92766B7B800DDC740 /* BasketView.swift in Sources */,
				CAC82A8627733374003ED63C /* PaymentView.swift in Sources */,
				CA1E49F12766B02900DDC740 /* TabEnum.swift in Sources */,
				CABF025E276BE2A500F27D78 /* SizePickerView.swift in Sources */,
				CA1E4A002766BE5100DDC740 /* FeaturedCardView.swift in Sources */,
				CA8424FF2763EA0D00A3546F /* AuthEnum.swift in Sources */,
				CAA096CA277DFF61003C471D /* CongratsView.swift in Sources */,
				CA6EAFB12778FCB900FF9CEB /* Stepper.swift in Sources */,
				CA1E49EF2766AF5B00DDC740 /* ProductDetailView.swift in Sources */,
				CAC9EC1C276945BD00747E8A /* OptionRowView.swift in Sources */,
				CAB12B9427667B73006AC793 /* Product.swift in Sources */,
				CA1E49EB2766A76500DDC740 /* CategoryView.swift in Sources */,
				CACD7DBA27791A1C00E98AA5 /* ShippingMethodView.swift in Sources */,
				CADF42B82766745D008B44F5 /* ForgotPasswordView.swift in Sources */,
				CA1E49F32766B0F000DDC740 /* ExploreView.swift in Sources */,
				CA8ED7DC27962E2F00B984FF /* DataModel.xcdatamodeld in Sources */,
				CAC9EC112769162F00747E8A /* ProductsView.swift in Sources */,
				CAB0DB112763CC4D007F67FA /* ContentView.swift in Sources */,
				CA1E49F72766B7A300DDC740 /* FavoritesView.swift in Sources */,
				CAB12B9827668342006AC793 /* CategoryEnum.swift in Sources */,
				CA6FA64B277F6A4E00C12DB9 /* AccountView.swift in Sources */,
				CABF025C276BE29B00F27D78 /* ColorPickerView.swift in Sources */,
				CA1E49FE2766BA7700DDC740 /* PageViewController.swift in Sources */,
				CAA29B95279B32C800338CE7 /* Favorites.swift in Sources */,
				CA1E49F52766B0FF00DDC740 /* ProfileView.swift in Sources */,
				CA8424FD2763E9F700A3546F /* SignUpView.swift in Sources */,
				CA8ED7DE2796F68900B984FF /* SerializationError.swift in Sources */,
				CAC9EC1727691FDF00747E8A /* ProfileOptionsView.swift in Sources */,
				CA59937D279CA9E1002632A6 /* PromoCode.swift in Sources */,
				CA6EAFBB277913A200FF9CEB /* CityEnum.swift in Sources */,
				CA6EAFB72779016200FF9CEB /* PayView.swift in Sources */,
				CA6EAFB5277900BC00FF9CEB /* ShippingView.swift in Sources */,
				CAC9EC1527691FD400747E8A /* ProfileHatView.swift in Sources */,
				CA8424F92763E9A400A3546F /* FeaturedView.swift in Sources */,
				CA80C4F8279BF6A100D9C904 /* LottieView.swift in Sources */,
				CA6EAFAF2778F8E700FF9CEB /* StepIndicatorView.swift in Sources */,
				CAB12B9E276684A5006AC793 /* ModelData.swift in Sources */,
				CAC9EC0F27690BB100747E8A /* ExploreItemView.swift in Sources */,
				CAC9EC1A2769453100747E8A /* AddressView.swift in Sources */,
				CAA29B97279BE8FA00338CE7 /* Baggies.swift in Sources */,
				CA8424FB2763E9EF00A3546F /* LoginView.swift in Sources */,
				CA1E4A042767757B00DDC740 /* PageControlView.swift in Sources */,
				CA1E49ED2766A97100DDC740 /* CategoryItemView.swift in Sources */,
				CA1E4A022766C0C500DDC740 /* PageView.swift in Sources */,
				CA6EAFB92779093000FF9CEB /* SubwayStationsEnum.swift in Sources */,
				CAB12B9627667D8B006AC793 /* SizeEnum.swift in Sources */,
				CABF0262276BF5EE00F27D78 /* ColorEnum.swift in Sources */,
				CA6FA649277F47B100C12DB9 /* DataController.swift in Sources */,
				CAA096DA277E4B87003C471D /* UserManager.swift in Sources */,
				CAB0DB0F2763CC4D007F67FA /* MeowclavasApp.swift in Sources */,
			);
			runOnlyForDeploymentPostprocessing = 0;
		};
		CAB0DB172763CC4F007F67FA /* Sources */ = {
			isa = PBXSourcesBuildPhase;
			buildActionMask = 2147483647;
			files = (
				CAB0DB202763CC4F007F67FA /* MeowclavasTests.swift in Sources */,
			);
			runOnlyForDeploymentPostprocessing = 0;
		};
		CAB0DB212763CC4F007F67FA /* Sources */ = {
			isa = PBXSourcesBuildPhase;
			buildActionMask = 2147483647;
			files = (
				CAB0DB2C2763CC4F007F67FA /* MeowclavasUITestsLaunchTests.swift in Sources */,
				CAB0DB2A2763CC4F007F67FA /* MeowclavasUITests.swift in Sources */,
			);
			runOnlyForDeploymentPostprocessing = 0;
		};
/* End PBXSourcesBuildPhase section */

/* Begin PBXTargetDependency section */
		CAB0DB1D2763CC4F007F67FA /* PBXTargetDependency */ = {
			isa = PBXTargetDependency;
			target = CAB0DB0A2763CC4D007F67FA /* Meowclavas */;
			targetProxy = CAB0DB1C2763CC4F007F67FA /* PBXContainerItemProxy */;
		};
		CAB0DB272763CC4F007F67FA /* PBXTargetDependency */ = {
			isa = PBXTargetDependency;
			target = CAB0DB0A2763CC4D007F67FA /* Meowclavas */;
			targetProxy = CAB0DB262763CC4F007F67FA /* PBXContainerItemProxy */;
		};
/* End PBXTargetDependency section */

/* Begin XCBuildConfiguration section */
		CAB0DB2D2763CC4F007F67FA /* Debug */ = {
			isa = XCBuildConfiguration;
			buildSettings = {
				ALWAYS_SEARCH_USER_PATHS = NO;
				CLANG_ANALYZER_NONNULL = YES;
				CLANG_ANALYZER_NUMBER_OBJECT_CONVERSION = YES_AGGRESSIVE;
				CLANG_CXX_LANGUAGE_STANDARD = "gnu++17";
				CLANG_CXX_LIBRARY = "libc++";
				CLANG_ENABLE_MODULES = YES;
				CLANG_ENABLE_OBJC_ARC = YES;
				CLANG_ENABLE_OBJC_WEAK = YES;
				CLANG_WARN_BLOCK_CAPTURE_AUTORELEASING = YES;
				CLANG_WARN_BOOL_CONVERSION = YES;
				CLANG_WARN_COMMA = YES;
				CLANG_WARN_CONSTANT_CONVERSION = YES;
				CLANG_WARN_DEPRECATED_OBJC_IMPLEMENTATIONS = YES;
				CLANG_WARN_DIRECT_OBJC_ISA_USAGE = YES_ERROR;
				CLANG_WARN_DOCUMENTATION_COMMENTS = YES;
				CLANG_WARN_EMPTY_BODY = YES;
				CLANG_WARN_ENUM_CONVERSION = YES;
				CLANG_WARN_INFINITE_RECURSION = YES;
				CLANG_WARN_INT_CONVERSION = YES;
				CLANG_WARN_NON_LITERAL_NULL_CONVERSION = YES;
				CLANG_WARN_OBJC_IMPLICIT_RETAIN_SELF = YES;
				CLANG_WARN_OBJC_LITERAL_CONVERSION = YES;
				CLANG_WARN_OBJC_ROOT_CLASS = YES_ERROR;
				CLANG_WARN_QUOTED_INCLUDE_IN_FRAMEWORK_HEADER = YES;
				CLANG_WARN_RANGE_LOOP_ANALYSIS = YES;
				CLANG_WARN_STRICT_PROTOTYPES = YES;
				CLANG_WARN_SUSPICIOUS_MOVE = YES;
				CLANG_WARN_UNGUARDED_AVAILABILITY = YES_AGGRESSIVE;
				CLANG_WARN_UNREACHABLE_CODE = YES;
				CLANG_WARN__DUPLICATE_METHOD_MATCH = YES;
				COPY_PHASE_STRIP = NO;
				DEBUG_INFORMATION_FORMAT = dwarf;
				ENABLE_STRICT_OBJC_MSGSEND = YES;
				ENABLE_TESTABILITY = YES;
				GCC_C_LANGUAGE_STANDARD = gnu11;
				GCC_DYNAMIC_NO_PIC = NO;
				GCC_NO_COMMON_BLOCKS = YES;
				GCC_OPTIMIZATION_LEVEL = 0;
				GCC_PREPROCESSOR_DEFINITIONS = (
					"DEBUG=1",
					"$(inherited)",
				);
				GCC_WARN_64_TO_32_BIT_CONVERSION = YES;
				GCC_WARN_ABOUT_RETURN_TYPE = YES_ERROR;
				GCC_WARN_UNDECLARED_SELECTOR = YES;
				GCC_WARN_UNINITIALIZED_AUTOS = YES_AGGRESSIVE;
				GCC_WARN_UNUSED_FUNCTION = YES;
				GCC_WARN_UNUSED_VARIABLE = YES;
				IPHONEOS_DEPLOYMENT_TARGET = 15.0;
				MTL_ENABLE_DEBUG_INFO = INCLUDE_SOURCE;
				MTL_FAST_MATH = YES;
				ONLY_ACTIVE_ARCH = YES;
				SDKROOT = iphoneos;
				SWIFT_ACTIVE_COMPILATION_CONDITIONS = DEBUG;
				SWIFT_OPTIMIZATION_LEVEL = "-Onone";
			};
			name = Debug;
		};
		CAB0DB2E2763CC4F007F67FA /* Release */ = {
			isa = XCBuildConfiguration;
			buildSettings = {
				ALWAYS_SEARCH_USER_PATHS = NO;
				CLANG_ANALYZER_NONNULL = YES;
				CLANG_ANALYZER_NUMBER_OBJECT_CONVERSION = YES_AGGRESSIVE;
				CLANG_CXX_LANGUAGE_STANDARD = "gnu++17";
				CLANG_CXX_LIBRARY = "libc++";
				CLANG_ENABLE_MODULES = YES;
				CLANG_ENABLE_OBJC_ARC = YES;
				CLANG_ENABLE_OBJC_WEAK = YES;
				CLANG_WARN_BLOCK_CAPTURE_AUTORELEASING = YES;
				CLANG_WARN_BOOL_CONVERSION = YES;
				CLANG_WARN_COMMA = YES;
				CLANG_WARN_CONSTANT_CONVERSION = YES;
				CLANG_WARN_DEPRECATED_OBJC_IMPLEMENTATIONS = YES;
				CLANG_WARN_DIRECT_OBJC_ISA_USAGE = YES_ERROR;
				CLANG_WARN_DOCUMENTATION_COMMENTS = YES;
				CLANG_WARN_EMPTY_BODY = YES;
				CLANG_WARN_ENUM_CONVERSION = YES;
				CLANG_WARN_INFINITE_RECURSION = YES;
				CLANG_WARN_INT_CONVERSION = YES;
				CLANG_WARN_NON_LITERAL_NULL_CONVERSION = YES;
				CLANG_WARN_OBJC_IMPLICIT_RETAIN_SELF = YES;
				CLANG_WARN_OBJC_LITERAL_CONVERSION = YES;
				CLANG_WARN_OBJC_ROOT_CLASS = YES_ERROR;
				CLANG_WARN_QUOTED_INCLUDE_IN_FRAMEWORK_HEADER = YES;
				CLANG_WARN_RANGE_LOOP_ANALYSIS = YES;
				CLANG_WARN_STRICT_PROTOTYPES = YES;
				CLANG_WARN_SUSPICIOUS_MOVE = YES;
				CLANG_WARN_UNGUARDED_AVAILABILITY = YES_AGGRESSIVE;
				CLANG_WARN_UNREACHABLE_CODE = YES;
				CLANG_WARN__DUPLICATE_METHOD_MATCH = YES;
				COPY_PHASE_STRIP = NO;
				DEBUG_INFORMATION_FORMAT = "dwarf-with-dsym";
				ENABLE_NS_ASSERTIONS = NO;
				ENABLE_STRICT_OBJC_MSGSEND = YES;
				GCC_C_LANGUAGE_STANDARD = gnu11;
				GCC_NO_COMMON_BLOCKS = YES;
				GCC_WARN_64_TO_32_BIT_CONVERSION = YES;
				GCC_WARN_ABOUT_RETURN_TYPE = YES_ERROR;
				GCC_WARN_UNDECLARED_SELECTOR = YES;
				GCC_WARN_UNINITIALIZED_AUTOS = YES_AGGRESSIVE;
				GCC_WARN_UNUSED_FUNCTION = YES;
				GCC_WARN_UNUSED_VARIABLE = YES;
				IPHONEOS_DEPLOYMENT_TARGET = 15.0;
				MTL_ENABLE_DEBUG_INFO = NO;
				MTL_FAST_MATH = YES;
				SDKROOT = iphoneos;
				SWIFT_COMPILATION_MODE = wholemodule;
				SWIFT_OPTIMIZATION_LEVEL = "-O";
				VALIDATE_PRODUCT = YES;
			};
			name = Release;
		};
		CAB0DB302763CC4F007F67FA /* Debug */ = {
			isa = XCBuildConfiguration;
			baseConfigurationReference = 59BD2DC83D76DB65C8242A92 /* Pods-Meowclavas.debug.xcconfig */;
			buildSettings = {
				ASSETCATALOG_COMPILER_APPICON_NAME = AppIcon;
				ASSETCATALOG_COMPILER_GLOBAL_ACCENT_COLOR_NAME = AccentColor;
				CODE_SIGN_STYLE = Automatic;
				CURRENT_PROJECT_VERSION = 1;
				DEVELOPMENT_ASSET_PATHS = "\"Meowclavas/Preview Content\"";
				DEVELOPMENT_TEAM = 9258H7N9X2;
				ENABLE_PREVIEWS = YES;
				GENERATE_INFOPLIST_FILE = YES;
				INFOPLIST_KEY_CFBundleDisplayName = Meowclava;
				INFOPLIST_KEY_UIApplicationSceneManifest_Generation = YES;
				INFOPLIST_KEY_UIApplicationSupportsIndirectInputEvents = YES;
				INFOPLIST_KEY_UILaunchScreen_Generation = YES;
				INFOPLIST_KEY_UILaunchStoryboardName = "Launch Screen";
				INFOPLIST_KEY_UISupportedInterfaceOrientations = UIInterfaceOrientationPortrait;
				INFOPLIST_KEY_UISupportedInterfaceOrientations_iPad = "UIInterfaceOrientationPortrait UIInterfaceOrientationPortraitUpsideDown UIInterfaceOrientationLandscapeLeft UIInterfaceOrientationLandscapeRight";
				INFOPLIST_KEY_UISupportedInterfaceOrientations_iPhone = "UIInterfaceOrientationPortrait UIInterfaceOrientationLandscapeLeft UIInterfaceOrientationLandscapeRight";
				LD_RUNPATH_SEARCH_PATHS = (
					"$(inherited)",
					"@executable_path/Frameworks",
				);
				MARKETING_VERSION = 1.0;
				PRODUCT_BUNDLE_IDENTIFIER = com.imranhajiyev.Meowclavas;
				PRODUCT_NAME = "$(TARGET_NAME)";
				SWIFT_EMIT_LOC_STRINGS = YES;
				SWIFT_VERSION = 5.0;
				TARGETED_DEVICE_FAMILY = 1;
			};
			name = Debug;
		};
		CAB0DB312763CC4F007F67FA /* Release */ = {
			isa = XCBuildConfiguration;
			baseConfigurationReference = 718E4827EBA2824F7D9D2D1E /* Pods-Meowclavas.release.xcconfig */;
			buildSettings = {
				ASSETCATALOG_COMPILER_APPICON_NAME = AppIcon;
				ASSETCATALOG_COMPILER_GLOBAL_ACCENT_COLOR_NAME = AccentColor;
				CODE_SIGN_STYLE = Automatic;
				CURRENT_PROJECT_VERSION = 1;
				DEVELOPMENT_ASSET_PATHS = "\"Meowclavas/Preview Content\"";
				DEVELOPMENT_TEAM = 9258H7N9X2;
				ENABLE_PREVIEWS = YES;
				GENERATE_INFOPLIST_FILE = YES;
				INFOPLIST_KEY_CFBundleDisplayName = Meowclava;
				INFOPLIST_KEY_UIApplicationSceneManifest_Generation = YES;
				INFOPLIST_KEY_UIApplicationSupportsIndirectInputEvents = YES;
				INFOPLIST_KEY_UILaunchScreen_Generation = YES;
				INFOPLIST_KEY_UILaunchStoryboardName = "Launch Screen";
				INFOPLIST_KEY_UISupportedInterfaceOrientations = UIInterfaceOrientationPortrait;
				INFOPLIST_KEY_UISupportedInterfaceOrientations_iPad = "UIInterfaceOrientationPortrait UIInterfaceOrientationPortraitUpsideDown UIInterfaceOrientationLandscapeLeft UIInterfaceOrientationLandscapeRight";
				INFOPLIST_KEY_UISupportedInterfaceOrientations_iPhone = "UIInterfaceOrientationPortrait UIInterfaceOrientationLandscapeLeft UIInterfaceOrientationLandscapeRight";
				LD_RUNPATH_SEARCH_PATHS = (
					"$(inherited)",
					"@executable_path/Frameworks",
				);
				MARKETING_VERSION = 1.0;
				PRODUCT_BUNDLE_IDENTIFIER = com.imranhajiyev.Meowclavas;
				PRODUCT_NAME = "$(TARGET_NAME)";
				SWIFT_EMIT_LOC_STRINGS = YES;
				SWIFT_VERSION = 5.0;
				TARGETED_DEVICE_FAMILY = 1;
			};
			name = Release;
		};
		CAB0DB332763CC4F007F67FA /* Debug */ = {
			isa = XCBuildConfiguration;
			baseConfigurationReference = B9D7797F322D03B6148717FD /* Pods-MeowclavasTests.debug.xcconfig */;
			buildSettings = {
				ALWAYS_EMBED_SWIFT_STANDARD_LIBRARIES = YES;
				BUNDLE_LOADER = "$(TEST_HOST)";
				CODE_SIGN_STYLE = Automatic;
				CURRENT_PROJECT_VERSION = 1;
				DEVELOPMENT_TEAM = 9258H7N9X2;
				GENERATE_INFOPLIST_FILE = YES;
				IPHONEOS_DEPLOYMENT_TARGET = 15.0;
				LD_RUNPATH_SEARCH_PATHS = (
					"$(inherited)",
					"@executable_path/Frameworks",
					"@loader_path/Frameworks",
				);
				MARKETING_VERSION = 1.0;
				PRODUCT_BUNDLE_IDENTIFIER = com.imranhajiyev.MeowclavasTests;
				PRODUCT_NAME = "$(TARGET_NAME)";
				SWIFT_EMIT_LOC_STRINGS = NO;
				SWIFT_VERSION = 5.0;
				TARGETED_DEVICE_FAMILY = "1,2";
				TEST_HOST = "$(BUILT_PRODUCTS_DIR)/Meowclavas.app/Meowclavas";
			};
			name = Debug;
		};
		CAB0DB342763CC4F007F67FA /* Release */ = {
			isa = XCBuildConfiguration;
			baseConfigurationReference = 8B59FE9C31D6241BF7052BCB /* Pods-MeowclavasTests.release.xcconfig */;
			buildSettings = {
				ALWAYS_EMBED_SWIFT_STANDARD_LIBRARIES = YES;
				BUNDLE_LOADER = "$(TEST_HOST)";
				CODE_SIGN_STYLE = Automatic;
				CURRENT_PROJECT_VERSION = 1;
				DEVELOPMENT_TEAM = 9258H7N9X2;
				GENERATE_INFOPLIST_FILE = YES;
				IPHONEOS_DEPLOYMENT_TARGET = 15.0;
				LD_RUNPATH_SEARCH_PATHS = (
					"$(inherited)",
					"@executable_path/Frameworks",
					"@loader_path/Frameworks",
				);
				MARKETING_VERSION = 1.0;
				PRODUCT_BUNDLE_IDENTIFIER = com.imranhajiyev.MeowclavasTests;
				PRODUCT_NAME = "$(TARGET_NAME)";
				SWIFT_EMIT_LOC_STRINGS = NO;
				SWIFT_VERSION = 5.0;
				TARGETED_DEVICE_FAMILY = "1,2";
				TEST_HOST = "$(BUILT_PRODUCTS_DIR)/Meowclavas.app/Meowclavas";
			};
			name = Release;
		};
		CAB0DB362763CC4F007F67FA /* Debug */ = {
			isa = XCBuildConfiguration;
			baseConfigurationReference = 0B21C1DFBD120FD7036943A1 /* Pods-Meowclavas-MeowclavasUITests.debug.xcconfig */;
			buildSettings = {
				ALWAYS_EMBED_SWIFT_STANDARD_LIBRARIES = YES;
				CODE_SIGN_STYLE = Automatic;
				CURRENT_PROJECT_VERSION = 1;
				DEVELOPMENT_TEAM = 9258H7N9X2;
				GENERATE_INFOPLIST_FILE = YES;
				LD_RUNPATH_SEARCH_PATHS = (
					"$(inherited)",
					"@executable_path/Frameworks",
					"@loader_path/Frameworks",
				);
				MARKETING_VERSION = 1.0;
				PRODUCT_BUNDLE_IDENTIFIER = com.imranhajiyev.MeowclavasUITests;
				PRODUCT_NAME = "$(TARGET_NAME)";
				SWIFT_EMIT_LOC_STRINGS = NO;
				SWIFT_VERSION = 5.0;
				TARGETED_DEVICE_FAMILY = "1,2";
				TEST_TARGET_NAME = Meowclavas;
			};
			name = Debug;
		};
		CAB0DB372763CC4F007F67FA /* Release */ = {
			isa = XCBuildConfiguration;
			baseConfigurationReference = 502A8F5B33BA8DCC8EF32E86 /* Pods-Meowclavas-MeowclavasUITests.release.xcconfig */;
			buildSettings = {
				ALWAYS_EMBED_SWIFT_STANDARD_LIBRARIES = YES;
				CODE_SIGN_STYLE = Automatic;
				CURRENT_PROJECT_VERSION = 1;
				DEVELOPMENT_TEAM = 9258H7N9X2;
				GENERATE_INFOPLIST_FILE = YES;
				LD_RUNPATH_SEARCH_PATHS = (
					"$(inherited)",
					"@executable_path/Frameworks",
					"@loader_path/Frameworks",
				);
				MARKETING_VERSION = 1.0;
				PRODUCT_BUNDLE_IDENTIFIER = com.imranhajiyev.MeowclavasUITests;
				PRODUCT_NAME = "$(TARGET_NAME)";
				SWIFT_EMIT_LOC_STRINGS = NO;
				SWIFT_VERSION = 5.0;
				TARGETED_DEVICE_FAMILY = "1,2";
				TEST_TARGET_NAME = Meowclavas;
			};
			name = Release;
		};
/* End XCBuildConfiguration section */

/* Begin XCConfigurationList section */
		CAB0DB062763CC4D007F67FA /* Build configuration list for PBXProject "Meowclavas" */ = {
			isa = XCConfigurationList;
			buildConfigurations = (
				CAB0DB2D2763CC4F007F67FA /* Debug */,
				CAB0DB2E2763CC4F007F67FA /* Release */,
			);
			defaultConfigurationIsVisible = 0;
			defaultConfigurationName = Release;
		};
		CAB0DB2F2763CC4F007F67FA /* Build configuration list for PBXNativeTarget "Meowclavas" */ = {
			isa = XCConfigurationList;
			buildConfigurations = (
				CAB0DB302763CC4F007F67FA /* Debug */,
				CAB0DB312763CC4F007F67FA /* Release */,
			);
			defaultConfigurationIsVisible = 0;
			defaultConfigurationName = Release;
		};
		CAB0DB322763CC4F007F67FA /* Build configuration list for PBXNativeTarget "MeowclavasTests" */ = {
			isa = XCConfigurationList;
			buildConfigurations = (
				CAB0DB332763CC4F007F67FA /* Debug */,
				CAB0DB342763CC4F007F67FA /* Release */,
			);
			defaultConfigurationIsVisible = 0;
			defaultConfigurationName = Release;
		};
		CAB0DB352763CC4F007F67FA /* Build configuration list for PBXNativeTarget "MeowclavasUITests" */ = {
			isa = XCConfigurationList;
			buildConfigurations = (
				CAB0DB362763CC4F007F67FA /* Debug */,
				CAB0DB372763CC4F007F67FA /* Release */,
			);
			defaultConfigurationIsVisible = 0;
			defaultConfigurationName = Release;
		};
/* End XCConfigurationList section */

/* Begin XCVersionGroup section */
		CA8ED7DA27962E2F00B984FF /* DataModel.xcdatamodeld */ = {
			isa = XCVersionGroup;
			children = (
				CA8ED7DB27962E2F00B984FF /* DataModel.xcdatamodel */,
			);
			currentVersion = CA8ED7DB27962E2F00B984FF /* DataModel.xcdatamodel */;
			path = DataModel.xcdatamodeld;
			sourceTree = "<group>";
			versionGroupType = wrapper.xcdatamodel;
		};
/* End XCVersionGroup section */
	};
	rootObject = CAB0DB032763CC4D007F67FA /* Project object */;
}
